
SPEC CHECKSUMS: 
  OCMock: 77a9c4c57af6bf258a537d34cf09abf422affede
  OCHamcrest: 200532155c3099e6e8b5a3e061d22d063033e077
  JSONKit: a01a22c75f27eae76b4badd55a91c20fe6e86477
  AFNetworking: 4c11f857c9a18d65f4257c90a1e74ac49f0ac422

COCOAPODS: 0.15.2

PODS: 
- AFNetworking (1.0.1)
- JSONKit (1.5pre)
- OCHamcrest (1.9)
- OCMock (2.0.1)

DEPENDENCIES: 
- AFNetworking (~> 1.0)
- JSONKit (~> 1.4)
- OCHamcrest (~> 1.9)
- OCMock (~> 2.0)
